
Microsoft Visual Studio Solution File, Format Version 12.00
# Visual Studio 15
Project("{FAE04EC0-301F-11D3-BF4B-00C04F79EFBC}") = "Spatecon.Android", "Spatecon.Android\Spatecon.Android.csproj", "{4A4425B7-F761-49AE-BF3A-7F138BAF2F2F}"
EndProject
Project("{FAE04EC0-301F-11D3-BF4B-00C04F79EFBC}") = "Spatecon.iOS", "Spatecon.iOS\Spatecon.iOS.csproj", "{65024D53-13CA-4496-8FCE-37B551DB08DE}"
EndProject
Project("{FAE04EC0-301F-11D3-BF4B-00C04F79EFBC}") = "Spatecon", "Spatecon\Spatecon.csproj", "{EB10B886-43ED-4140-BBD0-11063C1B2C9F}"
EndProject
Global
	GlobalSection(SolutionConfigurationPlatforms) = preSolution
		Debug|Any CPU = Debug|Any CPU
		Release|Any CPU = Release|Any CPU
		Debug|iPhoneSimulator = Debug|iPhoneSimulator
		Release|iPhoneSimulator = Release|iPhoneSimulator
		Debug|iPhone = Debug|iPhone
		Release|iPhone = Release|iPhone
		Ad-Hoc|iPhone = Ad-Hoc|iPhone
		AppStore|iPhone = AppStore|iPhone
	EndGlobalSection
	GlobalSection(ProjectConfigurationPlatforms) = postSolution
		{4A4425B7-F761-49AE-BF3A-7F138BAF2F2F}.Debug|Any CPU.ActiveCfg = Debug|Any CPU
		{4A4425B7-F761-49AE-BF3A-7F138BAF2F2F}.Debug|Any CPU.Build.0 = Debug|Any CPU
		{4A4425B7-F761-49AE-BF3A-7F138BAF2F2F}.Release|Any CPU.ActiveCfg = Release|Any CPU
		{4A4425B7-F761-49AE-BF3A-7F138BAF2F2F}.Release|Any CPU.Build.0 = Release|Any CPU
		{4A4425B7-F761-49AE-BF3A-7F138BAF2F2F}.Debug|iPhoneSimulator.ActiveCfg = Debug|Any CPU
		{4A4425B7-F761-49AE-BF3A-7F138BAF2F2F}.Debug|iPhoneSimulator.Build.0 = Debug|Any CPU
		{4A4425B7-F761-49AE-BF3A-7F138BAF2F2F}.Release|iPhoneSimulator.ActiveCfg = Release|Any CPU
		{4A4425B7-F761-49AE-BF3A-7F138BAF2F2F}.Release|iPhoneSimulator.Build.0 = Release|Any CPU
		{4A4425B7-F761-49AE-BF3A-7F138BAF2F2F}.Debug|iPhone.ActiveCfg = Debug|Any CPU
		{4A4425B7-F761-49AE-BF3A-7F138BAF2F2F}.Debug|iPhone.Build.0 = Debug|Any CPU
		{4A4425B7-F761-49AE-BF3A-7F138BAF2F2F}.Release|iPhone.ActiveCfg = Release|Any CPU
		{4A4425B7-F761-49AE-BF3A-7F138BAF2F2F}.Release|iPhone.Build.0 = Release|Any CPU
		{4A4425B7-F761-49AE-BF3A-7F138BAF2F2F}.Ad-Hoc|iPhone.ActiveCfg = Debug|Any CPU
		{4A4425B7-F761-49AE-BF3A-7F138BAF2F2F}.Ad-Hoc|iPhone.Build.0 = Debug|Any CPU
		{4A4425B7-F761-49AE-BF3A-7F138BAF2F2F}.AppStore|iPhone.ActiveCfg = Debug|Any CPU
		{4A4425B7-F761-49AE-BF3A-7F138BAF2F2F}.AppStore|iPhone.Build.0 = Debug|Any CPU
		{65024D53-13CA-4496-8FCE-37B551DB08DE}.Debug|Any CPU.ActiveCfg = Debug|iPhoneSimulator
		{65024D53-13CA-4496-8FCE-37B551DB08DE}.Debug|Any CPU.Build.0 = Debug|iPhoneSimulator
		{65024D53-13CA-4496-8FCE-37B551DB08DE}.Release|Any CPU.ActiveCfg = Release|iPhoneSimulator
		{65024D53-13CA-4496-8FCE-37B551DB08DE}.Release|Any CPU.Build.0 = Release|iPhoneSimulator
		{65024D53-13CA-4496-8FCE-37B551DB08DE}.Debug|iPhoneSimulator.ActiveCfg = Debug|iPhoneSimulator
		{65024D53-13CA-4496-8FCE-37B551DB08DE}.Debug|iPhoneSimulator.Build.0 = Debug|iPhoneSimulator
		{65024D53-13CA-4496-8FCE-37B551DB08DE}.Release|iPhoneSimulator.ActiveCfg = Release|iPhoneSimulator
		{65024D53-13CA-4496-8FCE-37B551DB08DE}.Release|iPhoneSimulator.Build.0 = Release|iPhoneSimulator
		{65024D53-13CA-4496-8FCE-37B551DB08DE}.Debug|iPhone.ActiveCfg = Debug|iPhone
		{65024D53-13CA-4496-8FCE-37B551DB08DE}.Debug|iPhone.Build.0 = Debug|iPhone
		{65024D53-13CA-4496-8FCE-37B551DB08DE}.Release|iPhone.ActiveCfg = Release|iPhone
		{65024D53-13CA-4496-8FCE-37B551DB08DE}.Release|iPhone.Build.0 = Release|iPhone
		{65024D53-13CA-4496-8FCE-37B551DB08DE}.Ad-Hoc|iPhone.ActiveCfg = Ad-Hoc|iPhone
		{65024D53-13CA-4496-8FCE-37B551DB08DE}.Ad-Hoc|iPhone.Build.0 = Ad-Hoc|iPhone
		{65024D53-13CA-4496-8FCE-37B551DB08DE}.AppStore|iPhone.ActiveCfg = AppStore|iPhone
		{65024D53-13CA-4496-8FCE-37B551DB08DE}.AppStore|iPhone.Build.0 = AppStore|iPhone
		{EB10B886-43ED-4140-BBD0-11063C1B2C9F}.Debug|Any CPU.ActiveCfg = Debug|Any CPU
		{EB10B886-43ED-4140-BBD0-11063C1B2C9F}.Debug|Any CPU.Build.0 = Debug|Any CPU
		{EB10B886-43ED-4140-BBD0-11063C1B2C9F}.Release|Any CPU.ActiveCfg = Release|Any CPU
		{EB10B886-43ED-4140-BBD0-11063C1B2C9F}.Release|Any CPU.Build.0 = Release|Any CPU
		{EB10B886-43ED-4140-BBD0-11063C1B2C9F}.Debug|iPhoneSimulator.ActiveCfg = Debug|Any CPU
		{EB10B886-43ED-4140-BBD0-11063C1B2C9F}.Debug|iPhoneSimulator.Build.0 = Debug|Any CPU
		{EB10B886-43ED-4140-BBD0-11063C1B2C9F}.Release|iPhoneSimulator.ActiveCfg = Release|Any CPU
		{EB10B886-43ED-4140-BBD0-11063C1B2C9F}.Release|iPhoneSimulator.Build.0 = Release|Any CPU
		{EB10B886-43ED-4140-BBD0-11063C1B2C9F}.Debug|iPhone.ActiveCfg = Debug|Any CPU
		{EB10B886-43ED-4140-BBD0-11063C1B2C9F}.Debug|iPhone.Build.0 = Debug|Any CPU
		{EB10B886-43ED-4140-BBD0-11063C1B2C9F}.Release|iPhone.ActiveCfg = Release|Any CPU
		{EB10B886-43ED-4140-BBD0-11063C1B2C9F}.Release|iPhone.Build.0 = Release|Any CPU
		{EB10B886-43ED-4140-BBD0-11063C1B2C9F}.Ad-Hoc|iPhone.ActiveCfg = Debug|Any CPU
		{EB10B886-43ED-4140-BBD0-11063C1B2C9F}.Ad-Hoc|iPhone.Build.0 = Debug|Any CPU
		{EB10B886-43ED-4140-BBD0-11063C1B2C9F}.AppStore|iPhone.ActiveCfg = Debug|Any CPU
		{EB10B886-43ED-4140-BBD0-11063C1B2C9F}.AppStore|iPhone.Build.0 = Debug|Any CPU
	EndGlobalSection
EndGlobal
